# THIS IS AN AUTOGENERATED FILE. DO NOT EDIT THIS FILE DIRECTLY.
# yarn lockfile v1


"@n4bb12/ts-project-publish@1.0.0":
  version "1.0.0"
  resolved "http://localhost:4873/@n4bb12%2fts-project-publish/-/ts-project-publish-1.0.0.tgz#6ba09c366d78d451d1dccf405d46595628e9d477"
  integrity sha512-L50Rrc0CsxUGtEB6UGWLo2SPyBWtR1O9R9azu8EBPyUaYCwBpZQNpft9v6SHABOCa9M3CtwCGzoQYXbNU5b7WQ==
